<?xml version="1.0" encoding="utf-8"?>
<Project ToolsVersion="4.0" xmlns="http://schemas.microsoft.com/developer/msbuild/2003">
  <ItemGroup>
    <Filter Include="Base">
      <UniqueIdentifier>{a6fe2b43-8415-4c84-965f-05ea83a9bc4d}</UniqueIdentifier>
    </Filter>
    <Filter Include="PSO">
      <UniqueIdentifier>{6be10d01-8862-46cd-9eb1-4cfb095dec18}</UniqueIdentifier>
    </Filter>
    <Filter Include="RS">
      <UniqueIdentifier>{df1a3148-170b-4256-aee9-d4f74a15b25b}</UniqueIdentifier>
    </Filter>
    <Filter Include="Shader">
      <UniqueIdentifier>{dd1173a2-8046-4643-94d2-13d37ac2b816}</UniqueIdentifier>
    </Filter>
  </ItemGroup>
  <ItemGroup>
    <ClInclude Include="Base\Common.h">
      <Filter>Base</Filter>
    </ClInclude>
    <ClInclude Include="Base\Shader.h">
      <Filter>Base</Filter>
    </ClInclude>
    <ClInclude Include="Base\RootSignature.h">
      <Filter>Base</Filter>
    </ClInclude>
    <ClInclude Include="Base\Pipeline.h">
      <Filter>Base</Filter>
    </ClInclude>
  </ItemGroup>
  <ItemGroup>
    <ClCompile Include="Base\Shader.cpp">
      <Filter>Base</Filter>
    </ClCompile>
    <ClCompile Include="Base\RootSignature.cpp">
      <Filter>Base</Filter>
    </ClCompile>
    <ClCompile Include="Base\Pipeline.cpp">
      <Filter>Base</Filter>
    </ClCompile>
  </ItemGroup>
  <ItemGroup>
    <None Include="..\Shader\Source\Common.hlsli">
      <Filter>Shader</Filter>
    </None>
    <None Include="..\Shader\RS\DefaultRootSignature.json">
      <Filter>RS</Filter>
    </None>
    <None Include="..\Shader\RS\Schema.RootSignature.json">
      <Filter>RS</Filter>
    </None>
    <None Include="..\Shader\PSO\Schema.Pipeline.json">
      <Filter>PSO</Filter>
    </None>
    <None Include="..\Shader\PSO\DefaultGraphics.json">
      <Filter>PSO</Filter>
    </None>
  </ItemGroup>
  <ItemGroup>
    <FxCompile Include="..\Shader\Source\BasicShader.hlsl">
      <Filter>Shader</Filter>
    </FxCompile>
  </ItemGroup>
</Project>