<?xml version="1.0" encoding="utf-8"?>
<Project ToolsVersion="4.0" xmlns="http://schemas.microsoft.com/developer/msbuild/2003">
  <ItemGroup>
    <Filter Include="Base">
      <UniqueIdentifier>{a6fe2b43-8415-4c84-965f-05ea83a9bc4d}</UniqueIdentifier>
    </Filter>
    <Filter Include="PSO">
      <UniqueIdentifier>{6be10d01-8862-46cd-9eb1-4cfb095dec18}</UniqueIdentifier>
    </Filter>
    <Filter Include="RS">
      <UniqueIdentifier>{df1a3148-170b-4256-aee9-d4f74a15b25b}</UniqueIdentifier>
    </Filter>
    <Filter Include="Shader">
      <UniqueIdentifier>{dd1173a2-8046-4643-94d2-13d37ac2b816}</UniqueIdentifier>
    </Filter>
    <Filter Include="Model">
      <UniqueIdentifier>{5f17697c-b1e0-406f-a5b2-8903b7fef6e0}</UniqueIdentifier>
    </Filter>
    <Filter Include="Scene">
      <UniqueIdentifier>{90865894-c1ea-4192-aea0-6b95f8b15d45}</UniqueIdentifier>
    </Filter>
    <Filter Include="Scene\Base">
      <UniqueIdentifier>{3aa6dcb1-222c-498b-8db6-0930c8d0451b}</UniqueIdentifier>
    </Filter>
    <Filter Include="Scene\Systems">
      <UniqueIdentifier>{da518e6d-61b2-4bda-9554-c317d5a33a1b}</UniqueIdentifier>
    </Filter>
    <Filter Include="Scene\IK">
      <UniqueIdentifier>{f5d2968d-9490-4e3f-99b7-bb4d5914a6f1}</UniqueIdentifier>
    </Filter>
    <Filter Include="Scene\Components">
      <UniqueIdentifier>{b183f548-2f68-4399-9a93-420a6518d846}</UniqueIdentifier>
    </Filter>
    <Filter Include="Scene\Components\Intents">
      <UniqueIdentifier>{f9da7313-25fa-479a-b991-d9aceaf14076}</UniqueIdentifier>
    </Filter>
    <Filter Include="Scene\Scene YAML">
      <UniqueIdentifier>{6bab11cf-0e16-4ef9-aed7-3729ebb82219}</UniqueIdentifier>
    </Filter>
    <Filter Include="Scene\Scene YAML\Components">
      <UniqueIdentifier>{0f7c2c5b-2199-4f98-a79b-5151b41a9632}</UniqueIdentifier>
    </Filter>
    <Filter Include="Terrain">
      <UniqueIdentifier>{580f3db8-7db0-49d0-a335-9d4fa00e5819}</UniqueIdentifier>
    </Filter>
    <Filter Include="Scene\Legacy">
      <UniqueIdentifier>{b89eb99f-4db0-4592-b9a3-698c3aaefa0b}</UniqueIdentifier>
    </Filter>
    <Filter Include="Scene\Legacy\Systems">
      <UniqueIdentifier>{918775c3-7c72-4a98-a529-debed94a43b0}</UniqueIdentifier>
    </Filter>
  </ItemGroup>
  <ItemGroup>
    <ClInclude Include="Base\Common.h">
      <Filter>Base</Filter>
    </ClInclude>
    <ClInclude Include="Base\RuntimeParameterDefinition.h">
      <Filter>Base</Filter>
    </ClInclude>
    <ClInclude Include="Base\Shader.h">
      <Filter>Base</Filter>
    </ClInclude>
    <ClInclude Include="Base\RootSignature.h">
      <Filter>Base</Filter>
    </ClInclude>
    <ClInclude Include="Base\Pipeline.h">
      <Filter>Base</Filter>
    </ClInclude>
    <ClInclude Include="Model\Model.h">
      <Filter>Model</Filter>
    </ClInclude>
    <ClInclude Include="Model\AssetRegistry.h">
      <Filter>Model</Filter>
    </ClInclude>
    <ClInclude Include="Asset\AnimationGraphAsset.h">
      <Filter>Model</Filter>
    </ClInclude>
    <ClInclude Include="Model\AssetRegistryBackEnd.h">
      <Filter>Model</Filter>
    </ClInclude>
<ClInclude Include="Model\TerrainRenderResource.h">
      <Filter>Model</Filter>
    </ClInclude>
<ClInclude Include="Scene\Legacy\Scene.h">
      <Filter>Scene\Legacy</Filter>
    </ClInclude>
    <ClInclude Include="Scene\Base\SceneEntityFactory.h">
      <Filter>Scene\Base</Filter>
    </ClInclude>
    <ClInclude Include="Scene\Base\ScenePhysicsRuntimeCoordinator.h">
      <Filter>Scene\Base</Filter>
    </ClInclude>
    <ClInclude Include="Scene\Legacy\SceneYamlSerializer.h">
      <Filter>Scene\Legacy</Filter>
    </ClInclude>
    <ClInclude Include="Scene\SceneYaml\SceneYamlInternal.h">
      <Filter>Scene\Scene YAML</Filter>
    </ClInclude>
    <ClInclude Include="Scene\SceneYaml\SceneYamlComponentRegistry.h">
      <Filter>Scene\Scene YAML</Filter>
    </ClInclude>
    <ClInclude Include="Scene\SceneYaml\SceneYamlContexts.h">
      <Filter>Scene\Scene YAML</Filter>
    </ClInclude>
    <ClInclude Include="Scene\SceneYaml\SceneYamlPhysics.h">
      <Filter>Scene\Scene YAML</Filter>
    </ClInclude>
    <ClInclude Include="Scene\SceneYaml\SceneYamlReadUtils.h">
      <Filter>Scene\Scene YAML</Filter>
    </ClInclude>
    <ClInclude Include="Scene\SceneYaml\SceneYamlTerrain.h">
      <Filter>Scene\Scene YAML</Filter>
    </ClInclude>
    <ClInclude Include="Scene\SceneYaml\SceneYamlTypes.h">
      <Filter>Scene\Scene YAML</Filter>
    </ClInclude>
    <ClInclude Include="Scene\SceneYaml\SceneYamlWriteUtils.h">
      <Filter>Scene\Scene YAML</Filter>
    </ClInclude>
    <ClInclude Include="Scene\SceneYaml\Components\SceneYamlAnimationComponent.h">
      <Filter>Scene\Scene YAML\Components</Filter>
    </ClInclude>
    <ClInclude Include="Scene\SceneYaml\Components\SceneYamlBasicComponents.h">
      <Filter>Scene\Scene YAML\Components</Filter>
    </ClInclude>
    <ClInclude Include="Scene\SceneYaml\Components\SceneYamlCameraComponent.h">
      <Filter>Scene\Scene YAML\Components</Filter>
    </ClInclude>
    <ClInclude Include="Scene\SceneYaml\Components\SceneYamlNameComponent.h">
      <Filter>Scene\Scene YAML\Components</Filter>
    </ClInclude>
    <ClInclude Include="Scene\SceneYaml\Components\SceneYamlPhysicsComponent.h">
      <Filter>Scene\Scene YAML\Components</Filter>
    </ClInclude>
    <ClInclude Include="Scene\SceneYaml\Components\SceneYamlCharacterControllerComponent.h">
      <Filter>Scene\Scene YAML\Components</Filter>
    </ClInclude>
    <ClInclude Include="Scene\SceneYaml\Components\SceneYamlTerrainComponent.h">
      <Filter>Scene\Scene YAML\Components</Filter>
    </ClInclude>
    <ClInclude Include="Scene\SceneYaml\Components\SceneYamlTransformComponent.h">
      <Filter>Scene\Scene YAML\Components</Filter>
    </ClInclude>
    <ClInclude Include="Scene\Base\SceneWorldSnapshot.h">
      <Filter>Scene\Base</Filter>
    </ClInclude>
    <ClInclude Include="Scene\Base\SceneTerrainBindings.h">
      <Filter>Scene\Base</Filter>
    </ClInclude>
    <ClInclude Include="Scene\Base\FrameContext.h">
      <Filter>Scene\Base</Filter>
    </ClInclude>
    <ClInclude Include="Scene\Base\SynchronousSystem.h">
      <Filter>Scene\Base</Filter>
    </ClInclude>
    <ClInclude Include="Scene\Legacy\SystemSceduler.h">
      <Filter>Scene\Legacy</Filter>
    </ClInclude>
    <ClInclude Include="Scene\Legacy\ParallelSystemBase.h">
      <Filter>Scene\Legacy</Filter>
    </ClInclude>
    <ClInclude Include="Scene\Base\System.h">
      <Filter>Scene\Base</Filter>
    </ClInclude>
    <ClInclude Include="Scene\Base\Context.h">
      <Filter>Scene\Base</Filter>
    </ClInclude>
    <ClInclude Include="Scene\Base\Context.inl">
      <Filter>Scene\Base</Filter>
    </ClInclude>
    <ClInclude Include="Scene\Base\Types.h">
      <Filter>Scene\Base</Filter>
    </ClInclude>
    <ClInclude Include="Scene\Base\SceneWorkUnit.h">
      <Filter>Scene\Base</Filter>
    </ClInclude>
    <ClInclude Include="Scene\Base\Executor.h">
      <Filter>Scene\Base</Filter>
    </ClInclude>
    <ClInclude Include="Scene\Base\SystemBindingResult.h">
      <Filter>Scene\Base</Filter>
    </ClInclude>
    <ClInclude Include="Scene\Base\SystemRegistry.h">
      <Filter>Scene\Base</Filter>
    </ClInclude>
    <ClInclude Include="Scene\Base\Scene.h">
      <Filter>Scene\Base</Filter>
    </ClInclude>
    <ClInclude Include="Scene\Base\PipelineYAMLSerializer.h">
      <Filter>Scene\Base</Filter>
    </ClInclude>
    <ClInclude Include="Scene\Base\PipelineYAMLMetadata.h">
      <Filter>Scene\Base</Filter>
    </ClInclude>
    <ClInclude Include="Scene\Base\PipelineYAMLDeserializer.h">
      <Filter>Scene\Base</Filter>
    </ClInclude>
    <ClInclude Include="Scene\Base\SceneWorkUnitBuilder.h">
      <Filter>Scene\Base</Filter>
    </ClInclude>
    <ClInclude Include="Scene\Systems\AnimationGraphSystem.h">
      <Filter>Scene\Systems</Filter>
    </ClInclude>
    <ClInclude Include="Scene\Systems\AnimateSystem.h">
      <Filter>Scene\Systems</Filter>
    </ClInclude>
    <ClInclude Include="Scene\Systems\FootIKSystem.h">
      <Filter>Scene\Systems</Filter>
    </ClInclude>
    <ClInclude Include="Scene\Systems\TransformWorldSystem.h">
      <Filter>Scene\Systems</Filter>
    </ClInclude>
    <ClInclude Include="Scene\Systems\StaticRenderSystem.h">
      <Filter>Scene\Systems</Filter>
    </ClInclude>
    <ClInclude Include="Scene\Systems\TerrainRenderSystem.h">
      <Filter>Scene\Systems</Filter>
    </ClInclude>
    <ClInclude Include="Scene\Systems\SkinnedRenderSystem.h">
      <Filter>Scene\Systems</Filter>
    </ClInclude>
    <ClInclude Include="Scene\Systems\RegisterDefaultSystems.h">
      <Filter>Scene\Systems</Filter>
    </ClInclude>
    <ClInclude Include="Scene\Legacy\Systems\StaticRenderSystem.h">
      <Filter>Scene\Legacy\Systems</Filter>
    </ClInclude>
    <ClInclude Include="Scene\Components\BoundingBox.h">
      <Filter>Scene\Components</Filter>
    </ClInclude>
    <ClInclude Include="Scene\Components\Bone.h">
      <Filter>Scene\Components</Filter>
    </ClInclude>
    <ClInclude Include="Scene\Components\BoneSkinReference.h">
      <Filter>Scene\Components</Filter>
    </ClInclude>
    <ClInclude Include="Scene\Components\Camera.h">
      <Filter>Scene\Components</Filter>
    </ClInclude>
    <ClInclude Include="Scene\Components\StaticMeshRenderer.h">
      <Filter>Scene\Components</Filter>
    </ClInclude>
    <ClInclude Include="Scene\Components\TerrainRenderer.h">
      <Filter>Scene\Components</Filter>
    </ClInclude>
    <ClInclude Include="Scene\Components\SkinnedMeshRenderer.h">
      <Filter>Scene\Components</Filter>
    </ClInclude>
    <ClInclude Include="Scene\Components\Transform.h">
      <Filter>Scene\Components</Filter>
    </ClInclude>
    <ClInclude Include="Scene\Components\Material.h">
      <Filter>Scene\Components</Filter>
    </ClInclude>
    <ClInclude Include="Scene\Components\Animator.h">
      <Filter>Scene\Components</Filter>
    </ClInclude>
    <ClInclude Include="Scene\Components\AnimatorGraphPlayer.h">
      <Filter>Scene\Components</Filter>
    </ClInclude>
    <ClInclude Include="Scene\Components\RuntimeVariableTable.h">
      <Filter>Scene\Components</Filter>
    </ClInclude>
    <ClInclude Include="Scene\Components\FootIKRig.h">
      <Filter>Scene\Components</Filter>
    </ClInclude>
    <ClInclude Include="Scene\Components\FootIKRuntime.h">
      <Filter>Scene\Components</Filter>
    </ClInclude>
    <ClInclude Include="Scene\Components\Name.h">
      <Filter>Scene\Components</Filter>
    </ClInclude>
    <ClInclude Include="Scene\Components\ComponentInspection.h">
      <Filter>Scene\Components</Filter>
    </ClInclude>
    <ClInclude Include="Scene\Legacy\Systems\AnimationGraphSystem.h">
      <Filter>Scene\Legacy\Systems</Filter>
    </ClInclude>
    <ClInclude Include="Scene\Legacy\Systems\AnimateSystem.h">
      <Filter>Scene\Legacy\Systems</Filter>
    </ClInclude>
    <ClInclude Include="Scene\IK\FootIKSolver.h">
      <Filter>Scene\IK</Filter>
    </ClInclude>
    <ClInclude Include="Scene\IK\FabrikFootIKSolver.h">
      <Filter>Scene\IK</Filter>
    </ClInclude>
    <ClInclude Include="Scene\IK\FootIKAlgorithms.h">
      <Filter>Scene\IK</Filter>
    </ClInclude>
    <ClInclude Include="Scene\Legacy\Systems\FootIKSystem.h">
      <Filter>Scene\Legacy\Systems</Filter>
    </ClInclude>
    <ClInclude Include="Scene\Systems\PhysicsActorUpdateSystem.h">
      <Filter>Scene\Systems</Filter>
    </ClInclude>
    <ClInclude Include="Scene\Systems\CharacterControllerSystem.h">
      <Filter>Scene\Systems</Filter>
    </ClInclude>
    <ClInclude Include="Scene\Systems\ProceduralFoliageSystem.h">
      <Filter>Scene\Systems</Filter>
    </ClInclude>
    <ClInclude Include="Scene\Components\Tags.h">
      <Filter>Scene\Components</Filter>
    </ClInclude>
    <ClInclude Include="Base\Input.h">
      <Filter>Base</Filter>
    </ClInclude>
    <ClInclude Include="Scene\Legacy\Systems\SkinnedMeshRenderSystem.h">
      <Filter>Scene\Legacy\Systems</Filter>
    </ClInclude>
    <ClInclude Include="Scene\Legacy\Systems\TerrainRenderSystem.h">
      <Filter>Scene\Legacy\Systems</Filter>
    </ClInclude>
    <ClInclude Include="Scene\Systems\TerrainStreamingSystem.h">
      <Filter>Scene\Systems</Filter>
    </ClInclude>
    <ClInclude Include="Scene\Systems\CameraRenderSystem.h">
      <Filter>Scene\Systems</Filter>
    </ClInclude>
    <ClInclude Include="Scene\Legacy\Systems\SkinnedMeshPrepareSystem.h">
      <Filter>Scene\Legacy\Systems</Filter>
    </ClInclude>
    <ClInclude Include="Scene\Systems\ShadowMappingParameterSystem.h">
      <Filter>Scene\Systems</Filter>
    </ClInclude>
    <ClInclude Include="Scene\Legacy\Systems\TransformWorldSystem.h">
      <Filter>Scene\Legacy\Systems</Filter>
    </ClInclude>
    <ClInclude Include="Scene\Components\EntityHierarchy.h">
      <Filter>Scene\Components</Filter>
    </ClInclude>
    <ClInclude Include="Scene\Components\Frustum.h">
      <Filter>Scene\Components</Filter>
    </ClInclude>
    <ClInclude Include="Scene\Components\ComponentLuaTypeDefinitions.h">
      <Filter>Scene\Components</Filter>
    </ClInclude>
    <ClInclude Include="Scene\Components\Culling.h">
      <Filter>Scene\Components</Filter>
    </ClInclude>
    <ClInclude Include="Scene\Components\ComponentText.h">
      <Filter>Scene\Components</Filter>
    </ClInclude>
    <ClInclude Include="Model\PrimitiveModelFactory.h">
      <Filter>Model</Filter>
    </ClInclude>
    <ClInclude Include="Scene\Components\PrefabInstance.h">
      <Filter>Model</Filter>
    </ClInclude>
    <ClInclude Include="Scene\Components\PhysicsActor.h">
      <Filter>Scene\Components</Filter>
    </ClInclude>
    <ClInclude Include="Scene\Components\CharacterController.h">
      <Filter>Scene\Components</Filter>
    </ClInclude>
    <ClInclude Include="Scene\Components\ScriptComponent.h">
      <Filter>Scene\Components</Filter>
    </ClInclude>
    <ClInclude Include="Scene\Components\SkySphere.h">
      <Filter>Scene\Components</Filter>
    </ClInclude>
    <ClInclude Include="Scene\Components\DirectionalLight.h">
      <Filter>Scene\Components</Filter>
    </ClInclude>
  </ItemGroup>
  <ItemGroup>
    <ClCompile Include="Base\Shader.cpp">
      <Filter>Base</Filter>
    </ClCompile>
    <ClCompile Include="Base\RootSignature.cpp">
      <Filter>Base</Filter>
    </ClCompile>
    <ClCompile Include="Base\Pipeline.cpp">
      <Filter>Base</Filter>
    </ClCompile>
    <ClCompile Include="Model\Model.cpp">
      <Filter>Model</Filter>
    </ClCompile>
    <ClCompile Include="Model\AssetRegistry.cpp">
      <Filter>Model</Filter>
    </ClCompile>
    <ClCompile Include="Model\AssetRegistryBackEnd.cpp">
      <Filter>Model</Filter>
    </ClCompile>
<ClCompile Include="Scene\Legacy\Scene.cpp">
      <Filter>Scene\Legacy</Filter>
    </ClCompile>
    <ClCompile Include="Scene\Base\SceneEntityFactory.cpp">
      <Filter>Scene\Base</Filter>
    </ClCompile>
    <ClCompile Include="Scene\Base\ScenePhysicsRuntimeCoordinator.cpp">
      <Filter>Scene\Base</Filter>
    </ClCompile>
    <ClCompile Include="Scene\Legacy\SceneYamlSerializer.cpp">
      <Filter>Scene\Legacy</Filter>
    </ClCompile>
    <ClCompile Include="Scene\SceneYaml\SceneYamlCommon.cpp">
      <Filter>Scene\Scene YAML</Filter>
    </ClCompile>
    <ClCompile Include="Scene\SceneYaml\SceneYamlComponentRegistry.cpp">
      <Filter>Scene\Scene YAML</Filter>
    </ClCompile>
    <ClCompile Include="Scene\SceneYaml\Components\SceneYamlAnimationComponent.cpp">
      <Filter>Scene\Scene YAML\Components</Filter>
    </ClCompile>
    <ClCompile Include="Scene\SceneYaml\Components\SceneYamlBasicComponents.cpp">
      <Filter>Scene\Scene YAML\Components</Filter>
    </ClCompile>
    <ClCompile Include="Scene\SceneYaml\Components\SceneYamlCameraComponent.cpp">
      <Filter>Scene\Scene YAML\Components</Filter>
    </ClCompile>
    <ClCompile Include="Scene\SceneYaml\Components\SceneYamlNameComponent.cpp">
      <Filter>Scene\Scene YAML\Components</Filter>
    </ClCompile>
    <ClCompile Include="Scene\SceneYaml\Components\SceneYamlPhysicsComponent.cpp">
      <Filter>Scene\Scene YAML\Components</Filter>
    </ClCompile>
    <ClCompile Include="Scene\SceneYaml\Components\SceneYamlCharacterControllerComponent.cpp">
      <Filter>Scene\Scene YAML\Components</Filter>
    </ClCompile>
    <ClCompile Include="Scene\SceneYaml\Components\SceneYamlTerrainComponent.cpp">
      <Filter>Scene\Scene YAML\Components</Filter>
    </ClCompile>
    <ClCompile Include="Scene\SceneYaml\Components\SceneYamlTransformComponent.cpp">
      <Filter>Scene\Scene YAML\Components</Filter>
    </ClCompile>
    <ClCompile Include="Scene\SceneYaml\SceneYamlDeserializer.cpp">
      <Filter>Scene\Scene YAML</Filter>
    </ClCompile>
    <ClCompile Include="Scene\SceneYaml\SceneYamlTerrain.cpp">
      <Filter>Scene\Scene YAML</Filter>
    </ClCompile>
    <ClCompile Include="Scene\SceneYaml\SceneYamlWriter.cpp">
      <Filter>Scene\Scene YAML</Filter>
    </ClCompile>
    <ClCompile Include="Scene\Base\SceneWorldSnapshot.cpp">
      <Filter>Scene\Base</Filter>
    </ClCompile>
    <ClCompile Include="Scene\Legacy\SystemSceduler.cpp">
      <Filter>Scene\Legacy</Filter>
    </ClCompile>
    <ClCompile Include="Scene\Legacy\ParallelSystemBase.cpp">
      <Filter>Scene\Legacy</Filter>
    </ClCompile>
    <ClCompile Include="Scene\Base\Context.cpp">
      <Filter>Scene\Base</Filter>
    </ClCompile>
    <ClCompile Include="Scene\Base\Types.cpp">
      <Filter>Scene\Base</Filter>
    </ClCompile>
    <ClCompile Include="Scene\Base\SceneWorkUnit.cpp">
      <Filter>Scene\Base</Filter>
    </ClCompile>
    <ClCompile Include="Scene\Base\Executor.cpp">
      <Filter>Scene\Base</Filter>
    </ClCompile>
    <ClCompile Include="Scene\Base\SystemBindingResult.cpp">
      <Filter>Scene\Base</Filter>
    </ClCompile>
    <ClCompile Include="Scene\Base\SystemRegistry.cpp">
      <Filter>Scene\Base</Filter>
    </ClCompile>
    <ClCompile Include="Scene\Base\Scene.cpp">
      <Filter>Scene\Base</Filter>
    </ClCompile>
    <ClCompile Include="Scene\Base\PipelineYAMLSerializer.cpp">
      <Filter>Scene\Base</Filter>
    </ClCompile>
    <ClCompile Include="Scene\Base\PipelineYAMLMetadata.cpp">
      <Filter>Scene\Base</Filter>
    </ClCompile>
    <ClCompile Include="Scene\Base\PipelineYAMLDeserializer.cpp">
      <Filter>Scene\Base</Filter>
    </ClCompile>
    <ClCompile Include="Scene\Base\SceneWorkUnitBuilder.cpp">
      <Filter>Scene\Base</Filter>
    </ClCompile>
    <ClCompile Include="Scene\Systems\AnimationGraphSystem.cpp">
      <Filter>Scene\Systems</Filter>
    </ClCompile>
    <ClCompile Include="Scene\Systems\AnimateSystem.cpp">
      <Filter>Scene\Systems</Filter>
    </ClCompile>
    <ClCompile Include="Scene\Systems\FootIKSystem.cpp">
      <Filter>Scene\Systems</Filter>
    </ClCompile>
    <ClCompile Include="Scene\Systems\TransformWorldSystem.cpp">
      <Filter>Scene\Systems</Filter>
    </ClCompile>
    <ClCompile Include="Scene\Systems\StaticRenderSystem.cpp">
      <Filter>Scene\Systems</Filter>
    </ClCompile>
    <ClCompile Include="Scene\Systems\TerrainRenderSystem.cpp">
      <Filter>Scene\Systems</Filter>
    </ClCompile>
    <ClCompile Include="Scene\Systems\SkinnedRenderSystem.cpp">
      <Filter>Scene\Systems</Filter>
    </ClCompile>
    <ClCompile Include="Scene\Systems\RegisterDefaultSystems.cpp">
      <Filter>Scene\Systems</Filter>
    </ClCompile>
    <ClCompile Include="Scene\Components\Transform.cpp">
      <Filter>Scene\Components</Filter>
    </ClCompile>
    <ClCompile Include="Scene\Components\ComponentText.cpp">
      <Filter>Scene\Components</Filter>
    </ClCompile>
    <ClCompile Include="Scene\Components\Name.cpp">
      <Filter>Scene\Components</Filter>
    </ClCompile>
    <ClCompile Include="Scene\Components\Material.cpp">
      <Filter>Scene\Components</Filter>
    </ClCompile>
    <ClCompile Include="Scene\Components\Animator.cpp">
      <Filter>Scene\Components</Filter>
    </ClCompile>
    <ClCompile Include="Scene\Components\AnimatorGraphPlayer.cpp">
      <Filter>Scene\Components</Filter>
    </ClCompile>
    <ClCompile Include="Scene\Components\RuntimeVariableTable.cpp">
      <Filter>Scene\Components</Filter>
    </ClCompile>
    <ClCompile Include="Scene\Components\FootIKRig.cpp">
      <Filter>Scene\Components</Filter>
    </ClCompile>
    <ClCompile Include="Scene\Components\FootIKRuntime.cpp">
      <Filter>Scene\Components</Filter>
    </ClCompile>
    <ClCompile Include="Scene\Components\ScriptComponent.cpp">
      <Filter>Scene\Components</Filter>
    </ClCompile>
    <ClCompile Include="Scene\Components\SkySphere.cpp">
      <Filter>Scene\Components</Filter>
    </ClCompile>
    <ClCompile Include="Scene\Components\EntityHierarchy.cpp">
      <Filter>Scene\Components</Filter>
    </ClCompile>
    <ClCompile Include="Scene\Components\Tags.cpp">
      <Filter>Scene\Components</Filter>
    </ClCompile>
    <ClCompile Include="Scene\Components\BoundingBox.cpp">
      <Filter>Scene\Components</Filter>
    </ClCompile>
    <ClCompile Include="Scene\Components\PhysicsActor.cpp">
      <Filter>Scene\Components</Filter>
    </ClCompile>
    <ClCompile Include="Scene\Components\CharacterController.cpp">
      <Filter>Scene\Components</Filter>
    </ClCompile>
    <ClCompile Include="Scene\Components\Bone.cpp">
      <Filter>Scene\Components</Filter>
    </ClCompile>
    <ClCompile Include="Scene\Components\BoneSkinReference.cpp">
      <Filter>Scene\Components</Filter>
    </ClCompile>
    <ClCompile Include="Scene\Components\Camera.cpp">
      <Filter>Scene\Components</Filter>
    </ClCompile>
    <ClCompile Include="Scene\Components\Frustum.cpp">
      <Filter>Scene\Components</Filter>
    </ClCompile>
    <ClCompile Include="Scene\Components\StaticMeshRenderer.cpp">
      <Filter>Scene\Components</Filter>
    </ClCompile>
    <ClCompile Include="Scene\Components\TerrainRenderer.cpp">
      <Filter>Scene\Components</Filter>
    </ClCompile>
    <ClCompile Include="Scene\Components\SkinnedMeshRenderer.cpp">
      <Filter>Scene\Components</Filter>
    </ClCompile>
    <ClCompile Include="Scene\Components\ComponentInspection.cpp">
      <Filter>Scene\Components</Filter>
    </ClCompile>
    <ClCompile Include="Scene\Legacy\Systems\StaticRenderSystem.cpp">
      <Filter>Scene\Legacy\Systems</Filter>
    </ClCompile>
    <ClCompile Include="Scene\Legacy\Systems\TerrainRenderSystem.cpp">
      <Filter>Scene\Legacy\Systems</Filter>
    </ClCompile>
    <ClCompile Include="Scene\Systems\TerrainStreamingSystem.cpp">
      <Filter>Scene\Systems</Filter>
    </ClCompile>
    <ClCompile Include="Scene\Legacy\Systems\AnimationGraphSystem.cpp">
      <Filter>Scene\Legacy\Systems</Filter>
    </ClCompile>
    <ClCompile Include="Scene\Legacy\Systems\AnimateSystem.cpp">
      <Filter>Scene\Legacy\Systems</Filter>
    </ClCompile>
    <ClCompile Include="Scene\IK\FootIKSolver.cpp">
      <Filter>Scene\IK</Filter>
    </ClCompile>
    <ClCompile Include="Scene\IK\FabrikFootIKSolver.cpp">
      <Filter>Scene\IK</Filter>
    </ClCompile>
    <ClCompile Include="Scene\IK\FootIKAlgorithms.cpp">
      <Filter>Scene\IK</Filter>
    </ClCompile>
    <ClCompile Include="Scene\Legacy\Systems\FootIKSystem.cpp">
      <Filter>Scene\Legacy\Systems</Filter>
    </ClCompile>
    <ClCompile Include="Scene\Systems\PhysicsActorUpdateSystem.cpp">
      <Filter>Scene\Systems</Filter>
    </ClCompile>
    <ClCompile Include="Scene\Systems\CharacterControllerSystem.cpp">
      <Filter>Scene\Systems</Filter>
    </ClCompile>
    <ClCompile Include="Scene\Systems\ProceduralFoliageSystem.cpp">
      <Filter>Scene\Systems</Filter>
    </ClCompile>
    <ClCompile Include="Base\Input.cpp">
      <Filter>Base</Filter>
    </ClCompile>
    <ClCompile Include="Scene\Legacy\Systems\SkinnedMeshRenderSystem.cpp">
      <Filter>Scene\Legacy\Systems</Filter>
    </ClCompile>
    <ClCompile Include="Scene\Systems\CameraRenderSystem.cpp">
      <Filter>Scene\Systems</Filter>
    </ClCompile>
    <ClCompile Include="Scene\Legacy\Systems\SkinnedMeshPrepareSystem.cpp">
      <Filter>Scene\Legacy\Systems</Filter>
    </ClCompile>
    <ClCompile Include="Scene\Systems\ShadowMappingParameterSystem.cpp">
      <Filter>Scene\Systems</Filter>
    </ClCompile>
    <ClCompile Include="Scene\Legacy\Systems\TransformWorldSystem.cpp">
      <Filter>Scene\Legacy\Systems</Filter>
    </ClCompile>
    <ClCompile Include="Scene\Components\Culling.cpp">
      <Filter>Scene\Components</Filter>
    </ClCompile>
    <ClCompile Include="Asset\AnimationGraphAsset.cpp">
      <Filter>Model</Filter>
    </ClCompile>
    <ClCompile Include="Model\PrimitiveModelFactory.cpp">
      <Filter>Model</Filter>
    </ClCompile>
<ClCompile Include="Model\TerrainRenderResource.cpp">
      <Filter>Model</Filter>
    </ClCompile>
<ClCompile Include="Scene\Components\PrefabInstance.cpp">
      <Filter>Model</Filter>
    </ClCompile>
    <ClCompile Include="Scene\Components\DirectionalLight.cpp">
      <Filter>Scene\Components</Filter>
    </ClCompile>
  </ItemGroup>
  <ItemGroup>
    <None Include="..\Shader\Source\Common.hlsli">
      <Filter>Shader</Filter>
    </None>
    <None Include="..\Shader\RS\DefaultRootSignature.json">
      <Filter>RS</Filter>
    </None>
    <None Include="..\Shader\RS\Schema.RootSignature.json">
      <Filter>RS</Filter>
    </None>
    <None Include="..\Shader\PSO\Schema.Pipeline.json">
      <Filter>PSO</Filter>
    </None>
    <None Include="..\Shader\PSO\DefaultGraphics.json">
      <Filter>PSO</Filter>
    </None>
    <None Include="..\Shader\PSO\SkinnedGraphics.json">
      <Filter>PSO</Filter>
    </None>
    <None Include="..\Shader\PSO\TerrainGraphics.json">
      <Filter>PSO</Filter>
    </None>
    <None Include="..\Shader\PSO\SkyDomeGraphics.json">
      <Filter>PSO</Filter>
    </None>
    <None Include="..\Shader\PSO\DebugGeometryGraphics.json">
      <Filter>PSO</Filter>
    </None>
    <None Include="..\Shader\PSO\EnvironmentBillboardDepthGraphics.json">
      <Filter>PSO</Filter>
    </None>
    <None Include="..\Shader\PSO\EnvironmentBillboardGraphics.json">
      <Filter>PSO</Filter>
    </None>
    <None Include="..\Shader\PSO\EnvironmentObjectDepthGraphics.json">
      <Filter>PSO</Filter>
    </None>
    <None Include="..\Shader\PSO\EnvironmentObjectGraphics.json">
      <Filter>PSO</Filter>
    </None>
    <None Include="..\Resources\DefaultScene.yaml">
      <Filter>Scene\Scene YAML</Filter>
    </None>
    <None Include="..\Resources\DefaultScene\FoliagePlacement.yaml">
      <Filter>Scene\Scene YAML</Filter>
    </None>
    <None Include="..\Resources\DefaultScene\TerrainProceduralHeightField.yaml">
      <Filter>Scene\Scene YAML</Filter>
    </None>
    <None Include="..\Resources\DefaultScene\knight_idle_run.graph.yaml">
      <Filter>Scene\Scene YAML</Filter>
    </None>
    <None Include="..\Resources\Pipelines\DefaultPipelines.yaml">
      <Filter>Scene\Scene YAML</Filter>
    </None>
    <None Include="..\Shader\Source\defines.hlsli">
      <Filter>Shader</Filter>
    </None>
    <None Include="..\Resources\ShadowMappingParameter.yaml">
      <Filter>Scene\Scene YAML</Filter>
    </None>
    <None Include="..\Shader\Source\PostProcessCommon.hlsli">
      <Filter>Shader</Filter>
    </None>
    <None Include="..\Shader\Source\.gitkeep">
      <Filter>Shader</Filter>
    </None>
  </ItemGroup>
  <ItemGroup>
    <FxCompile Include="..\Shader\Source\BasicShader.hlsl">
      <Filter>Shader</Filter>
    </FxCompile>
    <FxCompile Include="..\Shader\Source\FoliageShader.hlsl">
      <Filter>Shader</Filter>
    </FxCompile>
    <FxCompile Include="..\Shader\Source\EnvironmentObjectShader.hlsl">
      <Filter>Shader</Filter>
    </FxCompile>
    <FxCompile Include="..\Shader\Source\EnvironmentBillboardShader.hlsl">
      <Filter>Shader</Filter>
    </FxCompile>
    <FxCompile Include="..\Shader\Source\SkinnedMeshShader.hlsl">
      <Filter>Shader</Filter>
    </FxCompile>
    <FxCompile Include="..\Shader\Source\PrimitiveVertexColorShader.hlsl">
      <Filter>Shader</Filter>
    </FxCompile>
    <FxCompile Include="..\Shader\Source\SkyDomeShader.hlsl">
      <Filter>Shader</Filter>
    </FxCompile>
    <FxCompile Include="..\Shader\Source\TerrainShader.hlsl">
      <Filter>Shader</Filter>
    </FxCompile>
    <FxCompile Include="..\Shader\Source\BoundingBoxLineShader.hlsl">
      <Filter>Shader</Filter>
    </FxCompile>
    <FxCompile Include="..\Shader\Source\DebugGeometryShader.hlsl">
      <Filter>Shader</Filter>
    </FxCompile>
    <FxCompile Include="..\Shader\Source\DeferredLightingShader.hlsl">
      <Filter>Shader</Filter>
    </FxCompile>
    <FxCompile Include="..\Shader\Source\ToneMappingShader.hlsl">
      <Filter>Shader</Filter>
    </FxCompile>
    <FxCompile Include="..\Shader\Source\NormalMappedShader.hlsl">
      <Filter>Shader</Filter>
    </FxCompile>
  </ItemGroup>
</Project>
