<?xml version="1.0" encoding="utf-8"?>
<Project ToolsVersion="4.0" xmlns="http://schemas.microsoft.com/developer/msbuild/2003">
  <ItemGroup>
    <Filter Include="리소스 파일">
      <UniqueIdentifier>{67DA6AB6-F800-4c08-8B7A-83BB121AAD01}</UniqueIdentifier>
      <Extensions>rc;ico;cur;bmp;dlg;rc2;rct;bin;rgs;gif;jpg;jpeg;jpe;resx;tiff;tif;png;wav;mfcribbon-ms</Extensions>
    </Filter>
    <Filter Include="main">
      <UniqueIdentifier>{ecb1365e-0b81-4af1-b682-8606d70d5199}</UniqueIdentifier>
    </Filter>
    <Filter Include="Core">
      <UniqueIdentifier>{436368b3-9a7b-4101-8755-6698929b49c0}</UniqueIdentifier>
    </Filter>
    <Filter Include="Core\DX">
      <UniqueIdentifier>{e438a1ae-69c9-4858-902e-634856073c70}</UniqueIdentifier>
    </Filter>
    <Filter Include="Core\Event">
      <UniqueIdentifier>{c16f0709-f2f1-4fdd-a567-b2fa0d55115c}</UniqueIdentifier>
    </Filter>
  </ItemGroup>
  <ItemGroup>
    <ResourceCompile Include="2026_Graphics.rc">
      <Filter>리소스 파일</Filter>
    </ResourceCompile>
  </ItemGroup>
  <ItemGroup>
    <Image Include="small.ico">
      <Filter>리소스 파일</Filter>
    </Image>
    <Image Include="2026_Graphics.ico">
      <Filter>리소스 파일</Filter>
    </Image>
  </ItemGroup>
  <ItemGroup>
    <ClCompile Include="2026_Graphics.cpp">
      <Filter>main</Filter>
    </ClCompile>
    <ClCompile Include="Core\Config.cpp">
      <Filter>Core</Filter>
    </ClCompile>
    <ClCompile Include="Core\Future.cpp">
      <Filter>Core</Filter>
    </ClCompile>
    <ClCompile Include="Core\Event\EventQueue.cpp">
      <Filter>Core\Event</Filter>
    </ClCompile>
    <ClCompile Include="Core\DX\FrameSync.cpp">
      <Filter>Core\DX</Filter>
    </ClCompile>
    <ClCompile Include="Core\DX\Texture.cpp">
      <Filter>Core\DX</Filter>
    </ClCompile>
    <ClCompile Include="Core\DX\DesciptorHeap.cpp">
      <Filter>Core\DX</Filter>
    </ClCompile>
    <ClCompile Include="Core\DX\CopyQueue.cpp">
      <Filter>Core\DX</Filter>
    </ClCompile>
    <ClCompile Include="Core\DX\ComputeQueue.cpp">
      <Filter>Core\DX</Filter>
    </ClCompile>
    <ClCompile Include="Core\DX\DirectQueue.cpp">
      <Filter>Core\DX</Filter>
    </ClCompile>
    <ClCompile Include="Core\DX\AllocationHandle.cpp">
      <Filter>Core\DX</Filter>
    </ClCompile>
    <ClCompile Include="Core\DX\GraphicsAllocator.cpp">
      <Filter>Core\DX</Filter>
    </ClCompile>
    <ClCompile Include="Core\DX\GraphicsVector.cpp">
      <Filter>Core\DX</Filter>
    </ClCompile>
    <ClCompile Include="Core\DX\DrawCallResourceManager.cpp">
      <Filter>Core\DX</Filter>
    </ClCompile>
    <ClCompile Include="Core\DX\MaterialResourceManager.cpp">
      <Filter>Core\DX</Filter>
    </ClCompile>
    <ClCompile Include="Core\DX\DrawCallDispatcher.cpp">
      <Filter>Core\DX</Filter>
    </ClCompile>
  </ItemGroup>
  <ItemGroup>
    <ClInclude Include="2026_Graphics.h">
      <Filter>main</Filter>
    </ClInclude>
    <ClInclude Include="framework.h">
      <Filter>main</Filter>
    </ClInclude>
    <ClInclude Include="Resource.h">
      <Filter>main</Filter>
    </ClInclude>
    <ClInclude Include="targetver.h">
      <Filter>main</Filter>
    </ClInclude>
    <ClInclude Include="Core\Config.h">
      <Filter>Core</Filter>
    </ClInclude>
    <ClInclude Include="Core\Event\Event.h">
      <Filter>Core\Event</Filter>
    </ClInclude>
    <ClInclude Include="Core\Event\Event.inl">
      <Filter>Core\Event</Filter>
    </ClInclude>
    <ClInclude Include="Core\Event\EventQueue.h">
      <Filter>Core\Event</Filter>
    </ClInclude>
    <ClInclude Include="Core\Event\EventQueue.inl">
      <Filter>Core\Event</Filter>
    </ClInclude>
    <ClInclude Include="Core\Event\EventTag.h">
      <Filter>Core\Event</Filter>
    </ClInclude>
    <ClInclude Include="Core\Event\FileDropEvent.h">
      <Filter>Core\Event</Filter>
    </ClInclude>
    <ClInclude Include="Core\DX\FrameSync.h">
      <Filter>Core\DX</Filter>
    </ClInclude>
    <ClInclude Include="Core\DX\Texture.h">
      <Filter>Core\DX</Filter>
    </ClInclude>
    <ClInclude Include="Core\DX\DesciptorHeap.h">
      <Filter>Core\DX</Filter>
    </ClInclude>
    <ClInclude Include="Core\DX\CopyQueue.h">
      <Filter>Core\DX</Filter>
    </ClInclude>
    <ClInclude Include="Core\DX\ComputeQueue.h">
      <Filter>Core\DX</Filter>
    </ClInclude>
    <ClInclude Include="Core\DX\DirectQueue.h">
      <Filter>Core\DX</Filter>
    </ClInclude>
    <ClInclude Include="Core\DX\AllocationHandle.h">
      <Filter>Core\DX</Filter>
    </ClInclude>
    <ClInclude Include="Core\DX\GraphicsAllocator.h">
      <Filter>Core\DX</Filter>
    </ClInclude>
    <ClInclude Include="Core\DX\GraphicsVector.h">
      <Filter>Core\DX</Filter>
    </ClInclude>
    <ClInclude Include="Core\Common.h">
      <Filter>Core\DX</Filter>
    </ClInclude>
    <ClInclude Include="Core\Future.h">
      <Filter>Core\DX</Filter>
    </ClInclude>
    <ClInclude Include="Core\DX\DrawCallResourceManager.h">
      <Filter>Core\DX</Filter>
    </ClInclude>
    <ClInclude Include="Core\DX\MaterialResourceManager.h">
      <Filter>Core\DX</Filter>
    </ClInclude>
    <ClInclude Include="Core\DX\DrawCallDispatcher.h">
      <Filter>Core\DX</Filter>
    </ClInclude>
  </ItemGroup>
  <ItemGroup>
    <None Include="Config.prop">
      <Filter>Core</Filter>
    </None>
  </ItemGroup>
</Project>
