
Microsoft Visual Studio Solution File, Format Version 12.00
# Visual Studio Version 17
VisualStudioVersion = 17.11.35312.102
MinimumVisualStudioVersion = 10.0.40219.1
Project("{8BC9CEB8-8B4A-11D0-8D11-00A0C91BC942}") = "2026_Graphics", "2026_Graphics.vcxproj", "{A0370B75-AC05-4833-A0FF-EE4F84B7BEBF}"
	ProjectSection(ProjectDependencies) = postProject
		{382AA1DC-CF5D-4224-B6D0-21F9095D0A40} = {382AA1DC-CF5D-4224-B6D0-21F9095D0A40}
		{9D456501-C3DF-4A7C-9E19-0AA43B1FA580} = {9D456501-C3DF-4A7C-9E19-0AA43B1FA580}
		{BE25E620-7914-415B-B62D-865E31371758} = {BE25E620-7914-415B-B62D-865E31371758}
		{D0FD78DB-4FD6-48A5-8AF9-E87351A3986B} = {D0FD78DB-4FD6-48A5-8AF9-E87351A3986B}
	EndProjectSection
EndProject
Project("{8BC9CEB8-8B4A-11D0-8D11-00A0C91BC942}") = "Utility", "Utility\Utility.vcxitems", "{B7597372-03CA-406E-A6BC-80B1DDD6875E}"
EndProject
Project("{8BC9CEB8-8B4A-11D0-8D11-00A0C91BC942}") = "Arche", "Arche\Arche.vcxproj", "{382AA1DC-CF5D-4224-B6D0-21F9095D0A40}"
EndProject
Project("{8BC9CEB8-8B4A-11D0-8D11-00A0C91BC942}") = "Asset", "Asset\Asset.vcxproj", "{9D456501-C3DF-4A7C-9E19-0AA43B1FA580}"
EndProject
Project("{8BC9CEB8-8B4A-11D0-8D11-00A0C91BC942}") = "Game", "Game\Game.vcxproj", "{BE25E620-7914-415B-B62D-865E31371758}"
EndProject
Project("{8BC9CEB8-8B4A-11D0-8D11-00A0C91BC942}") = "AssetZIP", "AssetZIP\AssetZIP.vcxproj", "{F302356E-B4A6-47BB-B7CE-B34A764C979E}"
EndProject
Project("{8BC9CEB8-8B4A-11D0-8D11-00A0C91BC942}") = "Widget", "Widget\Widget.vcxproj", "{D0FD78DB-4FD6-48A5-8AF9-E87351A3986B}"
EndProject
Global
	GlobalSection(SolutionConfigurationPlatforms) = preSolution
		Debug|x64 = Debug|x64
		Debug|x86 = Debug|x86
		Release|x64 = Release|x64
		Release|x86 = Release|x86
	EndGlobalSection
	GlobalSection(ProjectConfigurationPlatforms) = postSolution
		{A0370B75-AC05-4833-A0FF-EE4F84B7BEBF}.Debug|x64.ActiveCfg = Debug|x64
		{A0370B75-AC05-4833-A0FF-EE4F84B7BEBF}.Debug|x64.Build.0 = Debug|x64
		{A0370B75-AC05-4833-A0FF-EE4F84B7BEBF}.Debug|x86.ActiveCfg = Debug|Win32
		{A0370B75-AC05-4833-A0FF-EE4F84B7BEBF}.Debug|x86.Build.0 = Debug|Win32
		{A0370B75-AC05-4833-A0FF-EE4F84B7BEBF}.Release|x64.ActiveCfg = Release|x64
		{A0370B75-AC05-4833-A0FF-EE4F84B7BEBF}.Release|x64.Build.0 = Release|x64
		{A0370B75-AC05-4833-A0FF-EE4F84B7BEBF}.Release|x86.ActiveCfg = Release|Win32
		{A0370B75-AC05-4833-A0FF-EE4F84B7BEBF}.Release|x86.Build.0 = Release|Win32
		{382AA1DC-CF5D-4224-B6D0-21F9095D0A40}.Debug|x64.ActiveCfg = Debug|x64
		{382AA1DC-CF5D-4224-B6D0-21F9095D0A40}.Debug|x64.Build.0 = Debug|x64
		{382AA1DC-CF5D-4224-B6D0-21F9095D0A40}.Debug|x86.ActiveCfg = Debug|Win32
		{382AA1DC-CF5D-4224-B6D0-21F9095D0A40}.Debug|x86.Build.0 = Debug|Win32
		{382AA1DC-CF5D-4224-B6D0-21F9095D0A40}.Release|x64.ActiveCfg = Release|x64
		{382AA1DC-CF5D-4224-B6D0-21F9095D0A40}.Release|x64.Build.0 = Release|x64
		{382AA1DC-CF5D-4224-B6D0-21F9095D0A40}.Release|x86.ActiveCfg = Release|Win32
		{382AA1DC-CF5D-4224-B6D0-21F9095D0A40}.Release|x86.Build.0 = Release|Win32
		{9D456501-C3DF-4A7C-9E19-0AA43B1FA580}.Debug|x64.ActiveCfg = Debug|x64
		{9D456501-C3DF-4A7C-9E19-0AA43B1FA580}.Debug|x64.Build.0 = Debug|x64
		{9D456501-C3DF-4A7C-9E19-0AA43B1FA580}.Debug|x86.ActiveCfg = Debug|Win32
		{9D456501-C3DF-4A7C-9E19-0AA43B1FA580}.Debug|x86.Build.0 = Debug|Win32
		{9D456501-C3DF-4A7C-9E19-0AA43B1FA580}.Release|x64.ActiveCfg = Release|x64
		{9D456501-C3DF-4A7C-9E19-0AA43B1FA580}.Release|x64.Build.0 = Release|x64
		{9D456501-C3DF-4A7C-9E19-0AA43B1FA580}.Release|x86.ActiveCfg = Release|Win32
		{9D456501-C3DF-4A7C-9E19-0AA43B1FA580}.Release|x86.Build.0 = Release|Win32
		{BE25E620-7914-415B-B62D-865E31371758}.Debug|x64.ActiveCfg = Debug|x64
		{BE25E620-7914-415B-B62D-865E31371758}.Debug|x64.Build.0 = Debug|x64
		{BE25E620-7914-415B-B62D-865E31371758}.Debug|x86.ActiveCfg = Debug|Win32
		{BE25E620-7914-415B-B62D-865E31371758}.Debug|x86.Build.0 = Debug|Win32
		{BE25E620-7914-415B-B62D-865E31371758}.Release|x64.ActiveCfg = Release|x64
		{BE25E620-7914-415B-B62D-865E31371758}.Release|x64.Build.0 = Release|x64
		{BE25E620-7914-415B-B62D-865E31371758}.Release|x86.ActiveCfg = Release|Win32
		{BE25E620-7914-415B-B62D-865E31371758}.Release|x86.Build.0 = Release|Win32
		{F302356E-B4A6-47BB-B7CE-B34A764C979E}.Debug|x64.ActiveCfg = Debug|x64
		{F302356E-B4A6-47BB-B7CE-B34A764C979E}.Debug|x64.Build.0 = Debug|x64
		{F302356E-B4A6-47BB-B7CE-B34A764C979E}.Debug|x86.ActiveCfg = Debug|Win32
		{F302356E-B4A6-47BB-B7CE-B34A764C979E}.Debug|x86.Build.0 = Debug|Win32
		{F302356E-B4A6-47BB-B7CE-B34A764C979E}.Release|x64.ActiveCfg = Release|x64
		{F302356E-B4A6-47BB-B7CE-B34A764C979E}.Release|x64.Build.0 = Release|x64
		{F302356E-B4A6-47BB-B7CE-B34A764C979E}.Release|x86.ActiveCfg = Release|Win32
		{F302356E-B4A6-47BB-B7CE-B34A764C979E}.Release|x86.Build.0 = Release|Win32
		{D0FD78DB-4FD6-48A5-8AF9-E87351A3986B}.Debug|x64.ActiveCfg = Debug|x64
		{D0FD78DB-4FD6-48A5-8AF9-E87351A3986B}.Debug|x64.Build.0 = Debug|x64
		{D0FD78DB-4FD6-48A5-8AF9-E87351A3986B}.Debug|x86.ActiveCfg = Debug|Win32
		{D0FD78DB-4FD6-48A5-8AF9-E87351A3986B}.Debug|x86.Build.0 = Debug|Win32
		{D0FD78DB-4FD6-48A5-8AF9-E87351A3986B}.Release|x64.ActiveCfg = Release|x64
		{D0FD78DB-4FD6-48A5-8AF9-E87351A3986B}.Release|x64.Build.0 = Release|x64
		{D0FD78DB-4FD6-48A5-8AF9-E87351A3986B}.Release|x86.ActiveCfg = Release|Win32
		{D0FD78DB-4FD6-48A5-8AF9-E87351A3986B}.Release|x86.Build.0 = Release|Win32
	EndGlobalSection
	GlobalSection(SolutionProperties) = preSolution
		HideSolutionNode = FALSE
	EndGlobalSection
	GlobalSection(ExtensibilityGlobals) = postSolution
		SolutionGuid = {39C2F6AF-547C-47D5-A6A1-DE9E229F9ACC}
	EndGlobalSection
	GlobalSection(SharedMSBuildProjectFiles) = preSolution
		Utility\Utility.vcxitems*{a0370b75-ac05-4833-a0ff-ee4f84b7bebf}*SharedItemsImports = 4
		Utility\Utility.vcxitems*{b7597372-03ca-406e-a6bc-80b1ddd6875e}*SharedItemsImports = 9
		Utility\Utility.vcxitems*{be25e620-7914-415b-b62d-865e31371758}*SharedItemsImports = 4
		Utility\Utility.vcxitems*{f302356e-b4a6-47bb-b7ce-b34a764c979e}*SharedItemsImports = 4
	EndGlobalSection
EndGlobal
