<?xml version="1.0" encoding="utf-8"?>
<Project ToolsVersion="4.0" xmlns="http://schemas.microsoft.com/developer/msbuild/2003">
  <ItemGroup>
    <Filter Include="Imgui">
      <UniqueIdentifier>{7e40c24f-1f1f-48e9-8a56-d3d246155484}</UniqueIdentifier>
    </Filter>
    <Filter Include="Widgets">
      <UniqueIdentifier>{b9f4994c-7ac2-456f-b1c8-3a30c19a0143}</UniqueIdentifier>
    </Filter>
  </ItemGroup>
  <ItemGroup>
    <ClInclude Include="..\External\Include\ImGui\imconfig.h">
      <Filter>Imgui</Filter>
    </ClInclude>
    <ClInclude Include="..\External\Include\ImGui\imgui.h">
      <Filter>Imgui</Filter>
    </ClInclude>
    <ClInclude Include="..\External\Include\ImGui\imgui_impl_dx12.h">
      <Filter>Imgui</Filter>
    </ClInclude>
    <ClInclude Include="..\External\Include\ImGui\imgui_impl_win32.h">
      <Filter>Imgui</Filter>
    </ClInclude>
    <ClInclude Include="..\External\Include\ImGui\imgui_internal.h">
      <Filter>Imgui</Filter>
    </ClInclude>
    <ClInclude Include="..\External\Include\ImGui\imstb_rectpack.h">
      <Filter>Imgui</Filter>
    </ClInclude>
    <ClInclude Include="..\External\Include\ImGui\imstb_textedit.h">
      <Filter>Imgui</Filter>
    </ClInclude>
    <ClInclude Include="..\External\Include\ImGui\imstb_truetype.h">
      <Filter>Imgui</Filter>
    </ClInclude>
    <ClInclude Include="WidgetCore.h" />
    <ClInclude Include="Common.h" />
    <ClInclude Include="Console.h">
      <Filter>Widgets</Filter>
    </ClInclude>
    <ClInclude Include="PerformanceProvider.h">
      <Filter>Widgets</Filter>
    </ClInclude>
    <ClInclude Include="PerformanceWidgets.h">
      <Filter>Widgets</Filter>
    </ClInclude>
  </ItemGroup>
  <ItemGroup>
    <ClCompile Include="..\External\Include\ImGui\imgui.cpp">
      <Filter>Imgui</Filter>
    </ClCompile>
    <ClCompile Include="..\External\Include\ImGui\imgui_demo.cpp">
      <Filter>Imgui</Filter>
    </ClCompile>
    <ClCompile Include="..\External\Include\ImGui\imgui_draw.cpp">
      <Filter>Imgui</Filter>
    </ClCompile>
    <ClCompile Include="..\External\Include\ImGui\imgui_impl_dx12.cpp">
      <Filter>Imgui</Filter>
    </ClCompile>
    <ClCompile Include="..\External\Include\ImGui\imgui_impl_win32.cpp">
      <Filter>Imgui</Filter>
    </ClCompile>
    <ClCompile Include="..\External\Include\ImGui\imgui_tables.cpp">
      <Filter>Imgui</Filter>
    </ClCompile>
    <ClCompile Include="..\External\Include\ImGui\imgui_widgets.cpp">
      <Filter>Imgui</Filter>
    </ClCompile>
    <ClCompile Include="WidgetCore.cpp" />
    <ClCompile Include="Console.cpp">
      <Filter>Widgets</Filter>
    </ClCompile>
    <ClCompile Include="PerformanceProvider.cpp">
      <Filter>Widgets</Filter>
    </ClCompile>
    <ClCompile Include="PerformanceWidgets.cpp">
      <Filter>Widgets</Filter>
    </ClCompile>
  </ItemGroup>
</Project>